// !$*UTF8*$!
{
	archiveVersion = 1;
	classes = {
	};
	objectVersion = 55;
	objects = {

/* Begin PBXBuildFile section */
		3AE17D5328734CFC009D2853 /* FructusApp.swift in Sources */ = {isa = PBXBuildFile; fileRef = 3AE17D5228734CFC009D2853 /* FructusApp.swift */; };
		3AE17D5528734CFC009D2853 /* ContentView.swift in Sources */ = {isa = PBXBuildFile; fileRef = 3AE17D5428734CFC009D2853 /* ContentView.swift */; };
		3AE17D5728734CFC009D2853 /* Assets.xcassets in Resources */ = {isa = PBXBuildFile; fileRef = 3AE17D5628734CFC009D2853 /* Assets.xcassets */; };
		3AE17D5A28734CFC009D2853 /* Preview Assets.xcassets in Resources */ = {isa = PBXBuildFile; fileRef = 3AE17D5928734CFC009D2853 /* Preview Assets.xcassets */; };
		3AE17D6328735093009D2853 /* FruitCardView.swift in Sources */ = {isa = PBXBuildFile; fileRef = 3AE17D6228735093009D2853 /* FruitCardView.swift */; };
		3AE17D65287370D2009D2853 /* StartButtonView.swift in Sources */ = {isa = PBXBuildFile; fileRef = 3AE17D64287370D2009D2853 /* StartButtonView.swift */; };
		3AE17D67287373B2009D2853 /* OnboardingView.swift in Sources */ = {isa = PBXBuildFile; fileRef = 3AE17D66287373B2009D2853 /* OnboardingView.swift */; };
		3AE17D6A2873776B009D2853 /* FruitModel.swift in Sources */ = {isa = PBXBuildFile; fileRef = 3AE17D692873776B009D2853 /* FruitModel.swift */; };
		3AE17D6D2873784F009D2853 /* FruitData.swift in Sources */ = {isa = PBXBuildFile; fileRef = 3AE17D6C2873784F009D2853 /* FruitData.swift */; };
		3AE17D6F2873823F009D2853 /* FruitRowView.swift in Sources */ = {isa = PBXBuildFile; fileRef = 3AE17D6E2873823F009D2853 /* FruitRowView.swift */; };
		3AE17D71287385DD009D2853 /* FruitDetailView.swift in Sources */ = {isa = PBXBuildFile; fileRef = 3AE17D70287385DD009D2853 /* FruitDetailView.swift */; };
		3AE17D73287388B1009D2853 /* FruitHeaderView.swift in Sources */ = {isa = PBXBuildFile; fileRef = 3AE17D72287388B1009D2853 /* FruitHeaderView.swift */; };
		3AE17D7528738A90009D2853 /* SourceLinkView.swift in Sources */ = {isa = PBXBuildFile; fileRef = 3AE17D7428738A90009D2853 /* SourceLinkView.swift */; };
		3AE17D7728738C5A009D2853 /* FruitNutrientsView.swift in Sources */ = {isa = PBXBuildFile; fileRef = 3AE17D7628738C5A009D2853 /* FruitNutrientsView.swift */; };
		3AE17D7928738F9F009D2853 /* SettingsView.swift in Sources */ = {isa = PBXBuildFile; fileRef = 3AE17D7828738F9F009D2853 /* SettingsView.swift */; };
		3AF082362873929900A31756 /* SettingsLabelView.swift in Sources */ = {isa = PBXBuildFile; fileRef = 3AF082352873929900A31756 /* SettingsLabelView.swift */; };
		3AF08238287394FD00A31756 /* SettingsRowView.swift in Sources */ = {isa = PBXBuildFile; fileRef = 3AF08237287394FD00A31756 /* SettingsRowView.swift */; };
/* End PBXBuildFile section */

/* Begin PBXFileReference section */
		3AE17D4F28734CFC009D2853 /* Fructus.app */ = {isa = PBXFileReference; explicitFileType = wrapper.application; includeInIndex = 0; path = Fructus.app; sourceTree = BUILT_PRODUCTS_DIR; };
		3AE17D5228734CFC009D2853 /* FructusApp.swift */ = {isa = PBXFileReference; lastKnownFileType = sourcecode.swift; path = FructusApp.swift; sourceTree = "<group>"; };
		3AE17D5428734CFC009D2853 /* ContentView.swift */ = {isa = PBXFileReference; lastKnownFileType = sourcecode.swift; path = ContentView.swift; sourceTree = "<group>"; };
		3AE17D5628734CFC009D2853 /* Assets.xcassets */ = {isa = PBXFileReference; lastKnownFileType = folder.assetcatalog; path = Assets.xcassets; sourceTree = "<group>"; };
		3AE17D5928734CFC009D2853 /* Preview Assets.xcassets */ = {isa = PBXFileReference; lastKnownFileType = folder.assetcatalog; path = "Preview Assets.xcassets"; sourceTree = "<group>"; };
		3AE17D6228735093009D2853 /* FruitCardView.swift */ = {isa = PBXFileReference; lastKnownFileType = sourcecode.swift; path = FruitCardView.swift; sourceTree = "<group>"; };
		3AE17D64287370D2009D2853 /* StartButtonView.swift */ = {isa = PBXFileReference; lastKnownFileType = sourcecode.swift; path = StartButtonView.swift; sourceTree = "<group>"; };
		3AE17D66287373B2009D2853 /* OnboardingView.swift */ = {isa = PBXFileReference; lastKnownFileType = sourcecode.swift; path = OnboardingView.swift; sourceTree = "<group>"; };
		3AE17D692873776B009D2853 /* FruitModel.swift */ = {isa = PBXFileReference; lastKnownFileType = sourcecode.swift; path = FruitModel.swift; sourceTree = "<group>"; };
		3AE17D6C2873784F009D2853 /* FruitData.swift */ = {isa = PBXFileReference; lastKnownFileType = sourcecode.swift; path = FruitData.swift; sourceTree = "<group>"; };
		3AE17D6E2873823F009D2853 /* FruitRowView.swift */ = {isa = PBXFileReference; lastKnownFileType = sourcecode.swift; path = FruitRowView.swift; sourceTree = "<group>"; };
		3AE17D70287385DD009D2853 /* FruitDetailView.swift */ = {isa = PBXFileReference; lastKnownFileType = sourcecode.swift; path = FruitDetailView.swift; sourceTree = "<group>"; };
		3AE17D72287388B1009D2853 /* FruitHeaderView.swift */ = {isa = PBXFileReference; lastKnownFileType = sourcecode.swift; path = FruitHeaderView.swift; sourceTree = "<group>"; };
		3AE17D7428738A90009D2853 /* SourceLinkView.swift */ = {isa = PBXFileReference; lastKnownFileType = sourcecode.swift; path = SourceLinkView.swift; sourceTree = "<group>"; };
		3AE17D7628738C5A009D2853 /* FruitNutrientsView.swift */ = {isa = PBXFileReference; lastKnownFileType = sourcecode.swift; path = FruitNutrientsView.swift; sourceTree = "<group>"; };
		3AE17D7828738F9F009D2853 /* SettingsView.swift */ = {isa = PBXFileReference; lastKnownFileType = sourcecode.swift; path = SettingsView.swift; sourceTree = "<group>"; };
		3AF082352873929900A31756 /* SettingsLabelView.swift */ = {isa = PBXFileReference; lastKnownFileType = sourcecode.swift; path = SettingsLabelView.swift; sourceTree = "<group>"; };
		3AF08237287394FD00A31756 /* SettingsRowView.swift */ = {isa = PBXFileReference; lastKnownFileType = sourcecode.swift; path = SettingsRowView.swift; sourceTree = "<group>"; };
/* End PBXFileReference section */

/* Begin PBXFrameworksBuildPhase section */
		3AE17D4C28734CFC009D2853 /* Frameworks */ = {
			isa = PBXFrameworksBuildPhase;
			buildActionMask = 2147483647;
			files = (
			);
			runOnlyForDeploymentPostprocessing = 0;
		};
/* End PBXFrameworksBuildPhase section */

/* Begin PBXGroup section */
		3AE17D4628734CFC009D2853 = {
			isa = PBXGroup;
			children = (
				3AE17D5128734CFC009D2853 /* Fructus */,
				3AE17D5028734CFC009D2853 /* Products */,
			);
			sourceTree = "<group>";
		};
		3AE17D5028734CFC009D2853 /* Products */ = {
			isa = PBXGroup;
			children = (
				3AE17D4F28734CFC009D2853 /* Fructus.app */,
			);
			name = Products;
			sourceTree = "<group>";
		};
		3AE17D5128734CFC009D2853 /* Fructus */ = {
			isa = PBXGroup;
			children = (
				3AE17D6B28737839009D2853 /* Data */,
				3AE17D6828737749009D2853 /* Model */,
				3AE17D6128735071009D2853 /* View */,
				3AE17D6028735014009D2853 /* App */,
				3AE17D5628734CFC009D2853 /* Assets.xcassets */,
				3AE17D5828734CFC009D2853 /* Preview Content */,
			);
			path = Fructus;
			sourceTree = "<group>";
		};
		3AE17D5828734CFC009D2853 /* Preview Content */ = {
			isa = PBXGroup;
			children = (
				3AE17D5928734CFC009D2853 /* Preview Assets.xcassets */,
			);
			path = "Preview Content";
			sourceTree = "<group>";
		};
		3AE17D6028735014009D2853 /* App */ = {
			isa = PBXGroup;
			children = (
				3AE17D5228734CFC009D2853 /* FructusApp.swift */,
				3AE17D5428734CFC009D2853 /* ContentView.swift */,
				3AE17D66287373B2009D2853 /* OnboardingView.swift */,
				3AE17D70287385DD009D2853 /* FruitDetailView.swift */,
				3AE17D7828738F9F009D2853 /* SettingsView.swift */,
			);
			path = App;
			sourceTree = "<group>";
		};
		3AE17D6128735071009D2853 /* View */ = {
			isa = PBXGroup;
			children = (
				3AE17D6228735093009D2853 /* FruitCardView.swift */,
				3AE17D64287370D2009D2853 /* StartButtonView.swift */,
				3AE17D6E2873823F009D2853 /* FruitRowView.swift */,
				3AE17D72287388B1009D2853 /* FruitHeaderView.swift */,
				3AE17D7428738A90009D2853 /* SourceLinkView.swift */,
				3AE17D7628738C5A009D2853 /* FruitNutrientsView.swift */,
				3AF082352873929900A31756 /* SettingsLabelView.swift */,
				3AF08237287394FD00A31756 /* SettingsRowView.swift */,
			);
			path = View;
			sourceTree = "<group>";
		};
		3AE17D6828737749009D2853 /* Model */ = {
			isa = PBXGroup;
			children = (
				3AE17D692873776B009D2853 /* FruitModel.swift */,
			);
			path = Model;
			sourceTree = "<group>";
		};
		3AE17D6B28737839009D2853 /* Data */ = {
			isa = PBXGroup;
			children = (
				3AE17D6C2873784F009D2853 /* FruitData.swift */,
			);
			path = Data;
			sourceTree = "<group>";
		};
/* End PBXGroup section */

/* Begin PBXNativeTarget section */
		3AE17D4E28734CFC009D2853 /* Fructus */ = {
			isa = PBXNativeTarget;
			buildConfigurationList = 3AE17D5D28734CFC009D2853 /* Build configuration list for PBXNativeTarget "Fructus" */;
			buildPhases = (
				3AE17D4B28734CFC009D2853 /* Sources */,
				3AE17D4C28734CFC009D2853 /* Frameworks */,
				3AE17D4D28734CFC009D2853 /* Resources */,
			);
			buildRules = (
			);
			dependencies = (
			);
			name = Fructus;
			productName = Fructus;
			productReference = 3AE17D4F28734CFC009D2853 /* Fructus.app */;
			productType = "com.apple.product-type.application";
		};
/* End PBXNativeTarget section */

/* Begin PBXProject section */
		3AE17D4728734CFC009D2853 /* Project object */ = {
			isa = PBXProject;
			attributes = {
				BuildIndependentTargetsInParallel = 1;
				LastSwiftUpdateCheck = 1340;
				LastUpgradeCheck = 1340;
				TargetAttributes = {
					3AE17D4E28734CFC009D2853 = {
						CreatedOnToolsVersion = 13.4.1;
					};
				};
			};
			buildConfigurationList = 3AE17D4A28734CFC009D2853 /* Build configuration list for PBXProject "Fructus" */;
			compatibilityVersion = "Xcode 13.0";
			developmentRegion = en;
			hasScannedForEncodings = 0;
			knownRegions = (
				en,
				Base,
			);
			mainGroup = 3AE17D4628734CFC009D2853;
			productRefGroup = 3AE17D5028734CFC009D2853 /* Products */;
			projectDirPath = "";
			projectRoot = "";
			targets = (
				3AE17D4E28734CFC009D2853 /* Fructus */,
			);
		};
/* End PBXProject section */

/* Begin PBXResourcesBuildPhase section */
		3AE17D4D28734CFC009D2853 /* Resources */ = {
			isa = PBXResourcesBuildPhase;
			buildActionMask = 2147483647;
			files = (
				3AE17D5A28734CFC009D2853 /* Preview Assets.xcassets in Resources */,
				3AE17D5728734CFC009D2853 /* Assets.xcassets in Resources */,
			);
			runOnlyForDeploymentPostprocessing = 0;
		};
/* End PBXResourcesBuildPhase section */

/* Begin PBXSourcesBuildPhase section */
		3AE17D4B28734CFC009D2853 /* Sources */ = {
			isa = PBXSourcesBuildPhase;
			buildActionMask = 2147483647;
			files = (
				3AE17D6D2873784F009D2853 /* FruitData.swift in Sources */,
				3AE17D7528738A90009D2853 /* SourceLinkView.swift in Sources */,
				3AF08238287394FD00A31756 /* SettingsRowView.swift in Sources */,
				3AE17D5528734CFC009D2853 /* ContentView.swift in Sources */,
				3AE17D6F2873823F009D2853 /* FruitRowView.swift in Sources */,
				3AE17D7728738C5A009D2853 /* FruitNutrientsView.swift in Sources */,
				3AE17D65287370D2009D2853 /* StartButtonView.swift in Sources */,
				3AE17D71287385DD009D2853 /* FruitDetailView.swift in Sources */,
				3AE17D6328735093009D2853 /* FruitCardView.swift in Sources */,
				3AE17D73287388B1009D2853 /* FruitHeaderView.swift in Sources */,
				3AE17D67287373B2009D2853 /* OnboardingView.swift in Sources */,
				3AF082362873929900A31756 /* SettingsLabelView.swift in Sources */,
				3AE17D6A2873776B009D2853 /* FruitModel.swift in Sources */,
				3AE17D5328734CFC009D2853 /* FructusApp.swift in Sources */,
				3AE17D7928738F9F009D2853 /* SettingsView.swift in Sources */,
			);
			runOnlyForDeploymentPostprocessing = 0;
		};
/* End PBXSourcesBuildPhase section */

/* Begin XCBuildConfiguration section */
		3AE17D5B28734CFC009D2853 /* Debug */ = {
			isa = XCBuildConfiguration;
			buildSettings = {
				ALWAYS_SEARCH_USER_PATHS = NO;
				CLANG_ANALYZER_NONNULL = YES;
				CLANG_ANALYZER_NUMBER_OBJECT_CONVERSION = YES_AGGRESSIVE;
				CLANG_CXX_LANGUAGE_STANDARD = "gnu++17";
				CLANG_ENABLE_MODULES = YES;
				CLANG_ENABLE_OBJC_ARC = YES;
				CLANG_ENABLE_OBJC_WEAK = YES;
				CLANG_WARN_BLOCK_CAPTURE_AUTORELEASING = YES;
				CLANG_WARN_BOOL_CONVERSION = YES;
				CLANG_WARN_COMMA = YES;
				CLANG_WARN_CONSTANT_CONVERSION = YES;
				CLANG_WARN_DEPRECATED_OBJC_IMPLEMENTATIONS = YES;
				CLANG_WARN_DIRECT_OBJC_ISA_USAGE = YES_ERROR;
				CLANG_WARN_DOCUMENTATION_COMMENTS = YES;
				CLANG_WARN_EMPTY_BODY = YES;
				CLANG_WARN_ENUM_CONVERSION = YES;
				CLANG_WARN_INFINITE_RECURSION = YES;
				CLANG_WARN_INT_CONVERSION = YES;
				CLANG_WARN_NON_LITERAL_NULL_CONVERSION = YES;
				CLANG_WARN_OBJC_IMPLICIT_RETAIN_SELF = YES;
				CLANG_WARN_OBJC_LITERAL_CONVERSION = YES;
				CLANG_WARN_OBJC_ROOT_CLASS = YES_ERROR;
				CLANG_WARN_QUOTED_INCLUDE_IN_FRAMEWORK_HEADER = YES;
				CLANG_WARN_RANGE_LOOP_ANALYSIS = YES;
				CLANG_WARN_STRICT_PROTOTYPES = YES;
				CLANG_WARN_SUSPICIOUS_MOVE = YES;
				CLANG_WARN_UNGUARDED_AVAILABILITY = YES_AGGRESSIVE;
				CLANG_WARN_UNREACHABLE_CODE = YES;
				CLANG_WARN__DUPLICATE_METHOD_MATCH = YES;
				COPY_PHASE_STRIP = NO;
				DEBUG_INFORMATION_FORMAT = dwarf;
				ENABLE_STRICT_OBJC_MSGSEND = YES;
				ENABLE_TESTABILITY = YES;
				GCC_C_LANGUAGE_STANDARD = gnu11;
				GCC_DYNAMIC_NO_PIC = NO;
				GCC_NO_COMMON_BLOCKS = YES;
				GCC_OPTIMIZATION_LEVEL = 0;
				GCC_PREPROCESSOR_DEFINITIONS = (
					"DEBUG=1",
					"$(inherited)",
				);
				GCC_WARN_64_TO_32_BIT_CONVERSION = YES;
				GCC_WARN_ABOUT_RETURN_TYPE = YES_ERROR;
				GCC_WARN_UNDECLARED_SELECTOR = YES;
				GCC_WARN_UNINITIALIZED_AUTOS = YES_AGGRESSIVE;
				GCC_WARN_UNUSED_FUNCTION = YES;
				GCC_WARN_UNUSED_VARIABLE = YES;
				IPHONEOS_DEPLOYMENT_TARGET = 15.5;
				MTL_ENABLE_DEBUG_INFO = INCLUDE_SOURCE;
				MTL_FAST_MATH = YES;
				ONLY_ACTIVE_ARCH = YES;
				SDKROOT = iphoneos;
				SWIFT_ACTIVE_COMPILATION_CONDITIONS = DEBUG;
				SWIFT_OPTIMIZATION_LEVEL = "-Onone";
			};
			name = Debug;
		};
		3AE17D5C28734CFC009D2853 /* Release */ = {
			isa = XCBuildConfiguration;
			buildSettings = {
				ALWAYS_SEARCH_USER_PATHS = NO;
				CLANG_ANALYZER_NONNULL = YES;
				CLANG_ANALYZER_NUMBER_OBJECT_CONVERSION = YES_AGGRESSIVE;
				CLANG_CXX_LANGUAGE_STANDARD = "gnu++17";
				CLANG_ENABLE_MODULES = YES;
				CLANG_ENABLE_OBJC_ARC = YES;
				CLANG_ENABLE_OBJC_WEAK = YES;
				CLANG_WARN_BLOCK_CAPTURE_AUTORELEASING = YES;
				CLANG_WARN_BOOL_CONVERSION = YES;
				CLANG_WARN_COMMA = YES;
				CLANG_WARN_CONSTANT_CONVERSION = YES;
				CLANG_WARN_DEPRECATED_OBJC_IMPLEMENTATIONS = YES;
				CLANG_WARN_DIRECT_OBJC_ISA_USAGE = YES_ERROR;
				CLANG_WARN_DOCUMENTATION_COMMENTS = YES;
				CLANG_WARN_EMPTY_BODY = YES;
				CLANG_WARN_ENUM_CONVERSION = YES;
				CLANG_WARN_INFINITE_RECURSION = YES;
				CLANG_WARN_INT_CONVERSION = YES;
				CLANG_WARN_NON_LITERAL_NULL_CONVERSION = YES;
				CLANG_WARN_OBJC_IMPLICIT_RETAIN_SELF = YES;
				CLANG_WARN_OBJC_LITERAL_CONVERSION = YES;
				CLANG_WARN_OBJC_ROOT_CLASS = YES_ERROR;
				CLANG_WARN_QUOTED_INCLUDE_IN_FRAMEWORK_HEADER = YES;
				CLANG_WARN_RANGE_LOOP_ANALYSIS = YES;
				CLANG_WARN_STRICT_PROTOTYPES = YES;
				CLANG_WARN_SUSPICIOUS_MOVE = YES;
				CLANG_WARN_UNGUARDED_AVAILABILITY = YES_AGGRESSIVE;
				CLANG_WARN_UNREACHABLE_CODE = YES;
				CLANG_WARN__DUPLICATE_METHOD_MATCH = YES;
				COPY_PHASE_STRIP = NO;
				DEBUG_INFORMATION_FORMAT = "dwarf-with-dsym";
				ENABLE_NS_ASSERTIONS = NO;
				ENABLE_STRICT_OBJC_MSGSEND = YES;
				GCC_C_LANGUAGE_STANDARD = gnu11;
				GCC_NO_COMMON_BLOCKS = YES;
				GCC_WARN_64_TO_32_BIT_CONVERSION = YES;
				GCC_WARN_ABOUT_RETURN_TYPE = YES_ERROR;
				GCC_WARN_UNDECLARED_SELECTOR = YES;
				GCC_WARN_UNINITIALIZED_AUTOS = YES_AGGRESSIVE;
				GCC_WARN_UNUSED_FUNCTION = YES;
				GCC_WARN_UNUSED_VARIABLE = YES;
				IPHONEOS_DEPLOYMENT_TARGET = 15.5;
				MTL_ENABLE_DEBUG_INFO = NO;
				MTL_FAST_MATH = YES;
				SDKROOT = iphoneos;
				SWIFT_COMPILATION_MODE = wholemodule;
				SWIFT_OPTIMIZATION_LEVEL = "-O";
				VALIDATE_PRODUCT = YES;
			};
			name = Release;
		};
		3AE17D5E28734CFC009D2853 /* Debug */ = {
			isa = XCBuildConfiguration;
			buildSettings = {
				ASSETCATALOG_COMPILER_APPICON_NAME = AppIcon;
				ASSETCATALOG_COMPILER_GLOBAL_ACCENT_COLOR_NAME = AccentColor;
				CODE_SIGN_STYLE = Automatic;
				CURRENT_PROJECT_VERSION = 1;
				DEVELOPMENT_ASSET_PATHS = "\"Fructus/Preview Content\"";
				DEVELOPMENT_TEAM = W2W6WRS3K2;
				ENABLE_PREVIEWS = YES;
				GENERATE_INFOPLIST_FILE = YES;
				INFOPLIST_KEY_UIApplicationSceneManifest_Generation = YES;
				INFOPLIST_KEY_UIApplicationSupportsIndirectInputEvents = YES;
				INFOPLIST_KEY_UILaunchScreen_Generation = YES;
				INFOPLIST_KEY_UISupportedInterfaceOrientations_iPad = "UIInterfaceOrientationPortrait UIInterfaceOrientationPortraitUpsideDown UIInterfaceOrientationLandscapeLeft UIInterfaceOrientationLandscapeRight";
				INFOPLIST_KEY_UISupportedInterfaceOrientations_iPhone = "UIInterfaceOrientationPortrait UIInterfaceOrientationLandscapeLeft UIInterfaceOrientationLandscapeRight";
				LD_RUNPATH_SEARCH_PATHS = (
					"$(inherited)",
					"@executable_path/Frameworks",
				);
				MARKETING_VERSION = 1.0;
				PRODUCT_BUNDLE_IDENTIFIER = kelevra.Fructus;
				PRODUCT_NAME = "$(TARGET_NAME)";
				SWIFT_EMIT_LOC_STRINGS = YES;
				SWIFT_VERSION = 5.0;
				TARGETED_DEVICE_FAMILY = "1,2";
			};
			name = Debug;
		};
		3AE17D5F28734CFC009D2853 /* Release */ = {
			isa = XCBuildConfiguration;
			buildSettings = {
				ASSETCATALOG_COMPILER_APPICON_NAME = AppIcon;
				ASSETCATALOG_COMPILER_GLOBAL_ACCENT_COLOR_NAME = AccentColor;
				CODE_SIGN_STYLE = Automatic;
				CURRENT_PROJECT_VERSION = 1;
				DEVELOPMENT_ASSET_PATHS = "\"Fructus/Preview Content\"";
				DEVELOPMENT_TEAM = W2W6WRS3K2;
				ENABLE_PREVIEWS = YES;
				GENERATE_INFOPLIST_FILE = YES;
				INFOPLIST_KEY_UIApplicationSceneManifest_Generation = YES;
				INFOPLIST_KEY_UIApplicationSupportsIndirectInputEvents = YES;
				INFOPLIST_KEY_UILaunchScreen_Generation = YES;
				INFOPLIST_KEY_UISupportedInterfaceOrientations_iPad = "UIInterfaceOrientationPortrait UIInterfaceOrientationPortraitUpsideDown UIInterfaceOrientationLandscapeLeft UIInterfaceOrientationLandscapeRight";
				INFOPLIST_KEY_UISupportedInterfaceOrientations_iPhone = "UIInterfaceOrientationPortrait UIInterfaceOrientationLandscapeLeft UIInterfaceOrientationLandscapeRight";
				LD_RUNPATH_SEARCH_PATHS = (
					"$(inherited)",
					"@executable_path/Frameworks",
				);
				MARKETING_VERSION = 1.0;
				PRODUCT_BUNDLE_IDENTIFIER = kelevra.Fructus;
				PRODUCT_NAME = "$(TARGET_NAME)";
				SWIFT_EMIT_LOC_STRINGS = YES;
				SWIFT_VERSION = 5.0;
				TARGETED_DEVICE_FAMILY = "1,2";
			};
			name = Release;
		};
/* End XCBuildConfiguration section */

/* Begin XCConfigurationList section */
		3AE17D4A28734CFC009D2853 /* Build configuration list for PBXProject "Fructus" */ = {
			isa = XCConfigurationList;
			buildConfigurations = (
				3AE17D5B28734CFC009D2853 /* Debug */,
				3AE17D5C28734CFC009D2853 /* Release */,
			);
			defaultConfigurationIsVisible = 0;
			defaultConfigurationName = Release;
		};
		3AE17D5D28734CFC009D2853 /* Build configuration list for PBXNativeTarget "Fructus" */ = {
			isa = XCConfigurationList;
			buildConfigurations = (
				3AE17D5E28734CFC009D2853 /* Debug */,
				3AE17D5F28734CFC009D2853 /* Release */,
			);
			defaultConfigurationIsVisible = 0;
			defaultConfigurationName = Release;
		};
/* End XCConfigurationList section */
	};
	rootObject = 3AE17D4728734CFC009D2853 /* Project object */;
}
